
Microsoft Visual Studio Solution File, Format Version 12.00
# Visual Studio Version 16
VisualStudioVersion = 16.0.32106.194
MinimumVisualStudioVersion = 10.0.40219.1
Project("{8BC9CEB8-8B4A-11D0-8D11-00A0C91BC942}") = "Chapter_2", "Chapter_2\Chapter_2.vcxproj", "{31909ECB-4966-4AEA-9C13-A3F6AF901BCC}"
EndProject
Project("{8BC9CEB8-8B4A-11D0-8D11-00A0C91BC942}") = "Chapter_3", "Chapter_3\Chapter_3.vcxproj", "{98175AAE-A6D5-4336-BA20-9B8BA3B8C892}"
EndProject
Project("{8BC9CEB8-8B4A-11D0-8D11-00A0C91BC942}") = "Chapter_4", "Chapter_4\Chapter_4.vcxproj", "{86FDD1AB-96AC-4C85-93E6-E021EFB56C6B}"
EndProject
Project("{8BC9CEB8-8B4A-11D0-8D11-00A0C91BC942}") = "Chapter_5", "Chapter_5\Chapter_5.vcxproj", "{B781C09F-F874-414B-A9FF-0BDA26F77C4C}"
EndProject
Global
	GlobalSection(SolutionConfigurationPlatforms) = preSolution
		Debug|x64 = Debug|x64
		Debug|x86 = Debug|x86
		Release|x64 = Release|x64
		Release|x86 = Release|x86
	EndGlobalSection
	GlobalSection(ProjectConfigurationPlatforms) = postSolution
		{31909ECB-4966-4AEA-9C13-A3F6AF901BCC}.Debug|x64.ActiveCfg = Debug|x64
		{31909ECB-4966-4AEA-9C13-A3F6AF901BCC}.Debug|x64.Build.0 = Debug|x64
		{31909ECB-4966-4AEA-9C13-A3F6AF901BCC}.Debug|x86.ActiveCfg = Debug|Win32
		{31909ECB-4966-4AEA-9C13-A3F6AF901BCC}.Debug|x86.Build.0 = Debug|Win32
		{31909ECB-4966-4AEA-9C13-A3F6AF901BCC}.Release|x64.ActiveCfg = Release|x64
		{31909ECB-4966-4AEA-9C13-A3F6AF901BCC}.Release|x64.Build.0 = Release|x64
		{31909ECB-4966-4AEA-9C13-A3F6AF901BCC}.Release|x86.ActiveCfg = Release|Win32
		{31909ECB-4966-4AEA-9C13-A3F6AF901BCC}.Release|x86.Build.0 = Release|Win32
		{98175AAE-A6D5-4336-BA20-9B8BA3B8C892}.Debug|x64.ActiveCfg = Debug|x64
		{98175AAE-A6D5-4336-BA20-9B8BA3B8C892}.Debug|x64.Build.0 = Debug|x64
		{98175AAE-A6D5-4336-BA20-9B8BA3B8C892}.Debug|x86.ActiveCfg = Debug|Win32
		{98175AAE-A6D5-4336-BA20-9B8BA3B8C892}.Debug|x86.Build.0 = Debug|Win32
		{98175AAE-A6D5-4336-BA20-9B8BA3B8C892}.Release|x64.ActiveCfg = Release|x64
		{98175AAE-A6D5-4336-BA20-9B8BA3B8C892}.Release|x64.Build.0 = Release|x64
		{98175AAE-A6D5-4336-BA20-9B8BA3B8C892}.Release|x86.ActiveCfg = Release|Win32
		{98175AAE-A6D5-4336-BA20-9B8BA3B8C892}.Release|x86.Build.0 = Release|Win32
		{86FDD1AB-96AC-4C85-93E6-E021EFB56C6B}.Debug|x64.ActiveCfg = Debug|x64
		{86FDD1AB-96AC-4C85-93E6-E021EFB56C6B}.Debug|x64.Build.0 = Debug|x64
		{86FDD1AB-96AC-4C85-93E6-E021EFB56C6B}.Debug|x86.ActiveCfg = Debug|Win32
		{86FDD1AB-96AC-4C85-93E6-E021EFB56C6B}.Debug|x86.Build.0 = Debug|Win32
		{86FDD1AB-96AC-4C85-93E6-E021EFB56C6B}.Release|x64.ActiveCfg = Release|x64
		{86FDD1AB-96AC-4C85-93E6-E021EFB56C6B}.Release|x64.Build.0 = Release|x64
		{86FDD1AB-96AC-4C85-93E6-E021EFB56C6B}.Release|x86.ActiveCfg = Release|Win32
		{86FDD1AB-96AC-4C85-93E6-E021EFB56C6B}.Release|x86.Build.0 = Release|Win32
		{B781C09F-F874-414B-A9FF-0BDA26F77C4C}.Debug|x64.ActiveCfg = Debug|x64
		{B781C09F-F874-414B-A9FF-0BDA26F77C4C}.Debug|x64.Build.0 = Debug|x64
		{B781C09F-F874-414B-A9FF-0BDA26F77C4C}.Debug|x86.ActiveCfg = Debug|Win32
		{B781C09F-F874-414B-A9FF-0BDA26F77C4C}.Debug|x86.Build.0 = Debug|Win32
		{B781C09F-F874-414B-A9FF-0BDA26F77C4C}.Release|x64.ActiveCfg = Release|x64
		{B781C09F-F874-414B-A9FF-0BDA26F77C4C}.Release|x64.Build.0 = Release|x64
		{B781C09F-F874-414B-A9FF-0BDA26F77C4C}.Release|x86.ActiveCfg = Release|Win32
		{B781C09F-F874-414B-A9FF-0BDA26F77C4C}.Release|x86.Build.0 = Release|Win32
	EndGlobalSection
	GlobalSection(SolutionProperties) = preSolution
		HideSolutionNode = FALSE
	EndGlobalSection
	GlobalSection(ExtensibilityGlobals) = postSolution
		SolutionGuid = {D60CD7C6-5174-4562-A439-E2345C93257B}
	EndGlobalSection
EndGlobal
