
Microsoft Visual Studio Solution File, Format Version 12.00
# Visual Studio Version 16
VisualStudioVersion = 16.0.32106.194
MinimumVisualStudioVersion = 10.0.40219.1
Project("{8BC9CEB8-8B4A-11D0-8D11-00A0C91BC942}") = "Chapter_2", "Chapter_2\Chapter_2.vcxproj", "{31909ECB-4966-4AEA-9C13-A3F6AF901BCC}"
EndProject
Project("{8BC9CEB8-8B4A-11D0-8D11-00A0C91BC942}") = "Chapter_3", "Chapter_3\Chapter_3.vcxproj", "{98175AAE-A6D5-4336-BA20-9B8BA3B8C892}"
EndProject
Project("{8BC9CEB8-8B4A-11D0-8D11-00A0C91BC942}") = "Chapter_4", "Chapter_4\Chapter_4.vcxproj", "{86FDD1AB-96AC-4C85-93E6-E021EFB56C6B}"
EndProject
Project("{8BC9CEB8-8B4A-11D0-8D11-00A0C91BC942}") = "Chapter_5", "Chapter_5\Chapter_5.vcxproj", "{B781C09F-F874-414B-A9FF-0BDA26F77C4C}"
EndProject
Project("{8BC9CEB8-8B4A-11D0-8D11-00A0C91BC942}") = "Chapter_6", "Chapter_6\Chapter_6.vcxproj", "{14E7BC95-539B-4D7B-88E0-FFF0619DE233}"
EndProject
Project("{8BC9CEB8-8B4A-11D0-8D11-00A0C91BC942}") = "Chapter_7", "Chapter_7\Chapter_7.vcxproj", "{0566BF80-3CA6-41F9-AA8A-6AD9F3DC6FAE}"
EndProject
Project("{8BC9CEB8-8B4A-11D0-8D11-00A0C91BC942}") = "Chapter_8", "Chapter_8\Chapter_8.vcxproj", "{4BF0A748-5FFF-4C7E-8365-45812E965EC8}"
EndProject
Project("{8BC9CEB8-8B4A-11D0-8D11-00A0C91BC942}") = "Chapter_9", "Chapter_9\Chapter_9.vcxproj", "{C6D5843E-586F-4DF8-B2D6-63B2A0CA28DC}"
EndProject
Project("{8BC9CEB8-8B4A-11D0-8D11-00A0C91BC942}") = "Chapter_10", "Chapter_10\Chapter_10.vcxproj", "{F7FC48A6-88B5-471C-BC55-E77FD4F621A5}"
EndProject
Project("{8BC9CEB8-8B4A-11D0-8D11-00A0C91BC942}") = "Chapter_11", "Chapter_11\Chapter_11.vcxproj", "{E1A87058-C762-4170-80D0-75DBAE31A6F3}"
EndProject
Project("{8BC9CEB8-8B4A-11D0-8D11-00A0C91BC942}") = "Chapter_12", "Chapter_12\Chapter_12.vcxproj", "{F390E5F1-3BA7-40FB-B2E1-5490E05F594A}"
EndProject
Project("{8BC9CEB8-8B4A-11D0-8D11-00A0C91BC942}") = "Chapter_13", "Chapter_13\Chapter_13.vcxproj", "{229C0A07-6261-45BC-A0FA-5E4312A7BD17}"
EndProject
Global
	GlobalSection(SolutionConfigurationPlatforms) = preSolution
		Debug|x64 = Debug|x64
		Debug|x86 = Debug|x86
		Release|x64 = Release|x64
		Release|x86 = Release|x86
	EndGlobalSection
	GlobalSection(ProjectConfigurationPlatforms) = postSolution
		{31909ECB-4966-4AEA-9C13-A3F6AF901BCC}.Debug|x64.ActiveCfg = Debug|x64
		{31909ECB-4966-4AEA-9C13-A3F6AF901BCC}.Debug|x64.Build.0 = Debug|x64
		{31909ECB-4966-4AEA-9C13-A3F6AF901BCC}.Debug|x86.ActiveCfg = Debug|Win32
		{31909ECB-4966-4AEA-9C13-A3F6AF901BCC}.Debug|x86.Build.0 = Debug|Win32
		{31909ECB-4966-4AEA-9C13-A3F6AF901BCC}.Release|x64.ActiveCfg = Release|x64
		{31909ECB-4966-4AEA-9C13-A3F6AF901BCC}.Release|x64.Build.0 = Release|x64
		{31909ECB-4966-4AEA-9C13-A3F6AF901BCC}.Release|x86.ActiveCfg = Release|Win32
		{31909ECB-4966-4AEA-9C13-A3F6AF901BCC}.Release|x86.Build.0 = Release|Win32
		{98175AAE-A6D5-4336-BA20-9B8BA3B8C892}.Debug|x64.ActiveCfg = Debug|x64
		{98175AAE-A6D5-4336-BA20-9B8BA3B8C892}.Debug|x64.Build.0 = Debug|x64
		{98175AAE-A6D5-4336-BA20-9B8BA3B8C892}.Debug|x86.ActiveCfg = Debug|Win32
		{98175AAE-A6D5-4336-BA20-9B8BA3B8C892}.Debug|x86.Build.0 = Debug|Win32
		{98175AAE-A6D5-4336-BA20-9B8BA3B8C892}.Release|x64.ActiveCfg = Release|x64
		{98175AAE-A6D5-4336-BA20-9B8BA3B8C892}.Release|x64.Build.0 = Release|x64
		{98175AAE-A6D5-4336-BA20-9B8BA3B8C892}.Release|x86.ActiveCfg = Release|Win32
		{98175AAE-A6D5-4336-BA20-9B8BA3B8C892}.Release|x86.Build.0 = Release|Win32
		{86FDD1AB-96AC-4C85-93E6-E021EFB56C6B}.Debug|x64.ActiveCfg = Debug|x64
		{86FDD1AB-96AC-4C85-93E6-E021EFB56C6B}.Debug|x64.Build.0 = Debug|x64
		{86FDD1AB-96AC-4C85-93E6-E021EFB56C6B}.Debug|x86.ActiveCfg = Debug|Win32
		{86FDD1AB-96AC-4C85-93E6-E021EFB56C6B}.Debug|x86.Build.0 = Debug|Win32
		{86FDD1AB-96AC-4C85-93E6-E021EFB56C6B}.Release|x64.ActiveCfg = Release|x64
		{86FDD1AB-96AC-4C85-93E6-E021EFB56C6B}.Release|x64.Build.0 = Release|x64
		{86FDD1AB-96AC-4C85-93E6-E021EFB56C6B}.Release|x86.ActiveCfg = Release|Win32
		{86FDD1AB-96AC-4C85-93E6-E021EFB56C6B}.Release|x86.Build.0 = Release|Win32
		{B781C09F-F874-414B-A9FF-0BDA26F77C4C}.Debug|x64.ActiveCfg = Debug|x64
		{B781C09F-F874-414B-A9FF-0BDA26F77C4C}.Debug|x64.Build.0 = Debug|x64
		{B781C09F-F874-414B-A9FF-0BDA26F77C4C}.Debug|x86.ActiveCfg = Debug|Win32
		{B781C09F-F874-414B-A9FF-0BDA26F77C4C}.Debug|x86.Build.0 = Debug|Win32
		{B781C09F-F874-414B-A9FF-0BDA26F77C4C}.Release|x64.ActiveCfg = Release|x64
		{B781C09F-F874-414B-A9FF-0BDA26F77C4C}.Release|x64.Build.0 = Release|x64
		{B781C09F-F874-414B-A9FF-0BDA26F77C4C}.Release|x86.ActiveCfg = Release|Win32
		{B781C09F-F874-414B-A9FF-0BDA26F77C4C}.Release|x86.Build.0 = Release|Win32
		{14E7BC95-539B-4D7B-88E0-FFF0619DE233}.Debug|x64.ActiveCfg = Debug|x64
		{14E7BC95-539B-4D7B-88E0-FFF0619DE233}.Debug|x64.Build.0 = Debug|x64
		{14E7BC95-539B-4D7B-88E0-FFF0619DE233}.Debug|x86.ActiveCfg = Debug|Win32
		{14E7BC95-539B-4D7B-88E0-FFF0619DE233}.Debug|x86.Build.0 = Debug|Win32
		{14E7BC95-539B-4D7B-88E0-FFF0619DE233}.Release|x64.ActiveCfg = Release|x64
		{14E7BC95-539B-4D7B-88E0-FFF0619DE233}.Release|x64.Build.0 = Release|x64
		{14E7BC95-539B-4D7B-88E0-FFF0619DE233}.Release|x86.ActiveCfg = Release|Win32
		{14E7BC95-539B-4D7B-88E0-FFF0619DE233}.Release|x86.Build.0 = Release|Win32
		{0566BF80-3CA6-41F9-AA8A-6AD9F3DC6FAE}.Debug|x64.ActiveCfg = Debug|x64
		{0566BF80-3CA6-41F9-AA8A-6AD9F3DC6FAE}.Debug|x64.Build.0 = Debug|x64
		{0566BF80-3CA6-41F9-AA8A-6AD9F3DC6FAE}.Debug|x86.ActiveCfg = Debug|Win32
		{0566BF80-3CA6-41F9-AA8A-6AD9F3DC6FAE}.Debug|x86.Build.0 = Debug|Win32
		{0566BF80-3CA6-41F9-AA8A-6AD9F3DC6FAE}.Release|x64.ActiveCfg = Release|x64
		{0566BF80-3CA6-41F9-AA8A-6AD9F3DC6FAE}.Release|x64.Build.0 = Release|x64
		{0566BF80-3CA6-41F9-AA8A-6AD9F3DC6FAE}.Release|x86.ActiveCfg = Release|Win32
		{0566BF80-3CA6-41F9-AA8A-6AD9F3DC6FAE}.Release|x86.Build.0 = Release|Win32
		{4BF0A748-5FFF-4C7E-8365-45812E965EC8}.Debug|x64.ActiveCfg = Debug|x64
		{4BF0A748-5FFF-4C7E-8365-45812E965EC8}.Debug|x64.Build.0 = Debug|x64
		{4BF0A748-5FFF-4C7E-8365-45812E965EC8}.Debug|x86.ActiveCfg = Debug|Win32
		{4BF0A748-5FFF-4C7E-8365-45812E965EC8}.Debug|x86.Build.0 = Debug|Win32
		{4BF0A748-5FFF-4C7E-8365-45812E965EC8}.Release|x64.ActiveCfg = Release|x64
		{4BF0A748-5FFF-4C7E-8365-45812E965EC8}.Release|x64.Build.0 = Release|x64
		{4BF0A748-5FFF-4C7E-8365-45812E965EC8}.Release|x86.ActiveCfg = Release|Win32
		{4BF0A748-5FFF-4C7E-8365-45812E965EC8}.Release|x86.Build.0 = Release|Win32
		{C6D5843E-586F-4DF8-B2D6-63B2A0CA28DC}.Debug|x64.ActiveCfg = Debug|x64
		{C6D5843E-586F-4DF8-B2D6-63B2A0CA28DC}.Debug|x64.Build.0 = Debug|x64
		{C6D5843E-586F-4DF8-B2D6-63B2A0CA28DC}.Debug|x86.ActiveCfg = Debug|Win32
		{C6D5843E-586F-4DF8-B2D6-63B2A0CA28DC}.Debug|x86.Build.0 = Debug|Win32
		{C6D5843E-586F-4DF8-B2D6-63B2A0CA28DC}.Release|x64.ActiveCfg = Release|x64
		{C6D5843E-586F-4DF8-B2D6-63B2A0CA28DC}.Release|x64.Build.0 = Release|x64
		{C6D5843E-586F-4DF8-B2D6-63B2A0CA28DC}.Release|x86.ActiveCfg = Release|Win32
		{C6D5843E-586F-4DF8-B2D6-63B2A0CA28DC}.Release|x86.Build.0 = Release|Win32
		{F7FC48A6-88B5-471C-BC55-E77FD4F621A5}.Debug|x64.ActiveCfg = Debug|x64
		{F7FC48A6-88B5-471C-BC55-E77FD4F621A5}.Debug|x64.Build.0 = Debug|x64
		{F7FC48A6-88B5-471C-BC55-E77FD4F621A5}.Debug|x86.ActiveCfg = Debug|Win32
		{F7FC48A6-88B5-471C-BC55-E77FD4F621A5}.Debug|x86.Build.0 = Debug|Win32
		{F7FC48A6-88B5-471C-BC55-E77FD4F621A5}.Release|x64.ActiveCfg = Release|x64
		{F7FC48A6-88B5-471C-BC55-E77FD4F621A5}.Release|x64.Build.0 = Release|x64
		{F7FC48A6-88B5-471C-BC55-E77FD4F621A5}.Release|x86.ActiveCfg = Release|Win32
		{F7FC48A6-88B5-471C-BC55-E77FD4F621A5}.Release|x86.Build.0 = Release|Win32
		{E1A87058-C762-4170-80D0-75DBAE31A6F3}.Debug|x64.ActiveCfg = Debug|x64
		{E1A87058-C762-4170-80D0-75DBAE31A6F3}.Debug|x64.Build.0 = Debug|x64
		{E1A87058-C762-4170-80D0-75DBAE31A6F3}.Debug|x86.ActiveCfg = Debug|Win32
		{E1A87058-C762-4170-80D0-75DBAE31A6F3}.Debug|x86.Build.0 = Debug|Win32
		{E1A87058-C762-4170-80D0-75DBAE31A6F3}.Release|x64.ActiveCfg = Release|x64
		{E1A87058-C762-4170-80D0-75DBAE31A6F3}.Release|x64.Build.0 = Release|x64
		{E1A87058-C762-4170-80D0-75DBAE31A6F3}.Release|x86.ActiveCfg = Release|Win32
		{E1A87058-C762-4170-80D0-75DBAE31A6F3}.Release|x86.Build.0 = Release|Win32
		{F390E5F1-3BA7-40FB-B2E1-5490E05F594A}.Debug|x64.ActiveCfg = Debug|x64
		{F390E5F1-3BA7-40FB-B2E1-5490E05F594A}.Debug|x64.Build.0 = Debug|x64
		{F390E5F1-3BA7-40FB-B2E1-5490E05F594A}.Debug|x86.ActiveCfg = Debug|Win32
		{F390E5F1-3BA7-40FB-B2E1-5490E05F594A}.Debug|x86.Build.0 = Debug|Win32
		{F390E5F1-3BA7-40FB-B2E1-5490E05F594A}.Release|x64.ActiveCfg = Release|x64
		{F390E5F1-3BA7-40FB-B2E1-5490E05F594A}.Release|x64.Build.0 = Release|x64
		{F390E5F1-3BA7-40FB-B2E1-5490E05F594A}.Release|x86.ActiveCfg = Release|Win32
		{F390E5F1-3BA7-40FB-B2E1-5490E05F594A}.Release|x86.Build.0 = Release|Win32
		{229C0A07-6261-45BC-A0FA-5E4312A7BD17}.Debug|x64.ActiveCfg = Debug|x64
		{229C0A07-6261-45BC-A0FA-5E4312A7BD17}.Debug|x64.Build.0 = Debug|x64
		{229C0A07-6261-45BC-A0FA-5E4312A7BD17}.Debug|x86.ActiveCfg = Debug|Win32
		{229C0A07-6261-45BC-A0FA-5E4312A7BD17}.Debug|x86.Build.0 = Debug|Win32
		{229C0A07-6261-45BC-A0FA-5E4312A7BD17}.Release|x64.ActiveCfg = Release|x64
		{229C0A07-6261-45BC-A0FA-5E4312A7BD17}.Release|x64.Build.0 = Release|x64
		{229C0A07-6261-45BC-A0FA-5E4312A7BD17}.Release|x86.ActiveCfg = Release|Win32
		{229C0A07-6261-45BC-A0FA-5E4312A7BD17}.Release|x86.Build.0 = Release|Win32
	EndGlobalSection
	GlobalSection(SolutionProperties) = preSolution
		HideSolutionNode = FALSE
	EndGlobalSection
	GlobalSection(ExtensibilityGlobals) = postSolution
		SolutionGuid = {D60CD7C6-5174-4562-A439-E2345C93257B}
	EndGlobalSection
EndGlobal
